
Microsoft Visual Studio Solution File, Format Version 12.00
# Visual Studio Version 17
VisualStudioVersion = 17.12.35527.113
MinimumVisualStudioVersion = 10.0.40219.1
Project("{FAE04EC0-301F-11D3-BF4B-00C04F79EFBC}") = "HighLoadedCache.App", "HighLoadedCache.App\HighLoadedCache.App.csproj", "{B2697FF0-6959-42DE-9171-637B339CE893}"
EndProject
Project("{FAE04EC0-301F-11D3-BF4B-00C04F79EFBC}") = "HighLoadedCache.App.Tests", "HighLoadedCache.App.Tests\HighLoadedCache.App.Tests.csproj", "{B2E0104B-FA2E-4EBD-B4DD-306E7F742BDA}"
EndProject
Project("{FAE04EC0-301F-11D3-BF4B-00C04F79EFBC}") = "HighLoadedCache.SocketTestClient", "HighLoadedCache.SocketTestClient\HighLoadedCache.SocketTestClient.csproj", "{357F6D23-8508-4939-97A4-E85761FC9A68}"
EndProject
Global
	GlobalSection(SolutionConfigurationPlatforms) = preSolution
		Debug|Any CPU = Debug|Any CPU
		Release|Any CPU = Release|Any CPU
	EndGlobalSection
	GlobalSection(ProjectConfigurationPlatforms) = postSolution
		{B2697FF0-6959-42DE-9171-637B339CE893}.Debug|Any CPU.ActiveCfg = Debug|Any CPU
		{B2697FF0-6959-42DE-9171-637B339CE893}.Debug|Any CPU.Build.0 = Debug|Any CPU
		{B2697FF0-6959-42DE-9171-637B339CE893}.Release|Any CPU.ActiveCfg = Release|Any CPU
		{B2697FF0-6959-42DE-9171-637B339CE893}.Release|Any CPU.Build.0 = Release|Any CPU
		{B2E0104B-FA2E-4EBD-B4DD-306E7F742BDA}.Debug|Any CPU.ActiveCfg = Debug|Any CPU
		{B2E0104B-FA2E-4EBD-B4DD-306E7F742BDA}.Debug|Any CPU.Build.0 = Debug|Any CPU
		{B2E0104B-FA2E-4EBD-B4DD-306E7F742BDA}.Release|Any CPU.ActiveCfg = Release|Any CPU
		{B2E0104B-FA2E-4EBD-B4DD-306E7F742BDA}.Release|Any CPU.Build.0 = Release|Any CPU
		{357F6D23-8508-4939-97A4-E85761FC9A68}.Debug|Any CPU.ActiveCfg = Debug|Any CPU
		{357F6D23-8508-4939-97A4-E85761FC9A68}.Debug|Any CPU.Build.0 = Debug|Any CPU
		{357F6D23-8508-4939-97A4-E85761FC9A68}.Release|Any CPU.ActiveCfg = Release|Any CPU
		{357F6D23-8508-4939-97A4-E85761FC9A68}.Release|Any CPU.Build.0 = Release|Any CPU
	EndGlobalSection
	GlobalSection(SolutionProperties) = preSolution
		HideSolutionNode = FALSE
	EndGlobalSection
EndGlobal
